<?xml version="1.0" encoding="UTF-8" standalone="yes" ?>
<CodeBlocks_project_file>
	<FileVersion major="1" minor="6" />
	<Project>
		<Option title="saslc" />
		<Option pch_mode="2" />
		<Option compiler="gcc" />
		<Build>
			<Target title="Debug">
				<Option output="bin\Debug\flexSandbox" prefix_auto="1" extension_auto="1" />
				<Option object_output="obj\Debug\" />
				<Option type="1" />
				<Option compiler="gcc" />
				<Compiler>
					<Add option="-g" />
				</Compiler>
				<Linker>
					<Add library="..\flex&amp;bison\libfl.a" />
				</Linker>
			</Target>
			<Target title="Release">
				<Option output="bin\Release\flexSandbox" prefix_auto="1" extension_auto="1" />
				<Option object_output="obj\Release\" />
				<Option type="1" />
				<Option compiler="gcc" />
				<Compiler>
					<Add option="-O2" />
				</Compiler>
				<Linker>
					<Add option="-s" />
				</Linker>
			</Target>
		</Build>
		<Compiler>
			<Add option="-Wall" />
		</Compiler>
		<Unit filename="PrintTraversal.cpp" />
		<Unit filename="PrintTraversal.h" />
		<Unit filename="Traversal.h" />
		<Unit filename="callback.h" />
		<Unit filename="config.h" />
		<Unit filename="context.cpp" />
		<Unit filename="context.h" />
		<Unit filename="ctdemo.h" />
		<Unit filename="ctool.h" />
		<Unit filename="decl.cpp" />
		<Unit filename="decl.h" />
		<Unit filename="dup.h" />
		<Unit filename="express.cpp" />
		<Unit filename="express.h" />
		<Unit filename="gram.y" />
		<Unit filename="identify.h" />
		<Unit filename="lexer.h" />
		<Unit filename="location.cpp" />
		<Unit filename="location.h" />
		<Unit filename="main.c">
			<Option compilerVar="CC" />
		</Unit>
		<Unit filename="parseenv.cpp" />
		<Unit filename="parseenv.h" />
		<Unit filename="project.cpp" />
		<Unit filename="project.h" />
		<Unit filename="stemnt.cpp" />
		<Unit filename="stemnt.h" />
		<Unit filename="symbol.cpp" />
		<Unit filename="symbol.h" />
		<Unit filename="token.cpp" />
		<Unit filename="token.h" />
		<Unit filename="token.l" />
		<Unit filename="utype.h" />
		<Extensions>
			<code_completion />
			<envvars />
			<debugger />
			<lib_finder disable_auto="1" />
		</Extensions>
	</Project>
</CodeBlocks_project_file>
