
Microsoft Visual Studio Solution File, Format Version 9.00
# Visual Studio 2005
Project("{FAE04EC0-301F-11D3-BF4B-00C04F79EFBC}") = "CrowdTree", "CrowdTree.csproj", "{8A6172D1-6179-49BF-92C0-4067B44490B7}"
EndProject
Global
	GlobalSection(SolutionConfigurationPlatforms) = preSolution
		Debug|Any CPU = Debug|Any CPU
		Release|Any CPU = Release|Any CPU
	EndGlobalSection
	GlobalSection(ProjectConfigurationPlatforms) = postSolution
		{8A6172D1-6179-49BF-92C0-4067B44490B7}.Debug|Any CPU.ActiveCfg = Debug|Any CPU
		{8A6172D1-6179-49BF-92C0-4067B44490B7}.Debug|Any CPU.Build.0 = Debug|Any CPU
		{8A6172D1-6179-49BF-92C0-4067B44490B7}.Release|Any CPU.ActiveCfg = Release|Any CPU
		{8A6172D1-6179-49BF-92C0-4067B44490B7}.Release|Any CPU.Build.0 = Release|Any CPU
	EndGlobalSection
	GlobalSection(SolutionProperties) = preSolution
		HideSolutionNode = FALSE
	EndGlobalSection
EndGlobal
