
Microsoft Visual Studio Solution File, Format Version 9.00
# Visual C++ Express 2005
Project("{8BC9CEB8-8B4A-11D0-8D11-00A0C91BC942}") = "PropertyUtility", "PropertyUtility\PropertyUtility.vcproj", "{E7D548D8-2391-438D-843A-CA5C76F2BE16}"
EndProject
Global
	GlobalSection(SolutionConfigurationPlatforms) = preSolution
		Debug|Win32 = Debug|Win32
		Release|Win32 = Release|Win32
	EndGlobalSection
	GlobalSection(ProjectConfigurationPlatforms) = postSolution
		{E7D548D8-2391-438D-843A-CA5C76F2BE16}.Debug|Win32.ActiveCfg = Debug|Win32
		{E7D548D8-2391-438D-843A-CA5C76F2BE16}.Debug|Win32.Build.0 = Debug|Win32
		{E7D548D8-2391-438D-843A-CA5C76F2BE16}.Release|Win32.ActiveCfg = Release|Win32
		{E7D548D8-2391-438D-843A-CA5C76F2BE16}.Release|Win32.Build.0 = Release|Win32
	EndGlobalSection
	GlobalSection(SolutionProperties) = preSolution
		HideSolutionNode = FALSE
	EndGlobalSection
EndGlobal
