
Microsoft Visual Studio Solution File, Format Version 9.00
# Visual Studio 2005
Project("{8BC9CEB8-8B4A-11D0-8D11-00A0C91BC942}") = "glosa", "glosa.vcproj", "{752FF879-1C68-448C-8F2C-D52C6BF545AF}"
EndProject
Global
	GlobalSection(SolutionConfigurationPlatforms) = preSolution
		Debug|Win32 = Debug|Win32
		Release|Win32 = Release|Win32
	EndGlobalSection
	GlobalSection(ProjectConfigurationPlatforms) = postSolution
		{752FF879-1C68-448C-8F2C-D52C6BF545AF}.Debug|Win32.ActiveCfg = Debug|Win32
		{752FF879-1C68-448C-8F2C-D52C6BF545AF}.Debug|Win32.Build.0 = Debug|Win32
		{752FF879-1C68-448C-8F2C-D52C6BF545AF}.Release|Win32.ActiveCfg = Release|Win32
		{752FF879-1C68-448C-8F2C-D52C6BF545AF}.Release|Win32.Build.0 = Release|Win32
	EndGlobalSection
	GlobalSection(SolutionProperties) = preSolution
		HideSolutionNode = FALSE
	EndGlobalSection
EndGlobal
