
Microsoft Visual Studio Solution File, Format Version 9.00
# Visual Studio 2005
Project("{FAE04EC0-301F-11D3-BF4B-00C04F79EFBC}") = "Backuper", "Backuper\Backuper.csproj", "{05952101-B47D-4209-B6D9-EF29135F578E}"
EndProject
Global
	GlobalSection(SolutionConfigurationPlatforms) = preSolution
		Debug|Any CPU = Debug|Any CPU
		Release|Any CPU = Release|Any CPU
	EndGlobalSection
	GlobalSection(ProjectConfigurationPlatforms) = postSolution
		{05952101-B47D-4209-B6D9-EF29135F578E}.Debug|Any CPU.ActiveCfg = Debug|Any CPU
		{05952101-B47D-4209-B6D9-EF29135F578E}.Debug|Any CPU.Build.0 = Debug|Any CPU
		{05952101-B47D-4209-B6D9-EF29135F578E}.Release|Any CPU.ActiveCfg = Release|Any CPU
		{05952101-B47D-4209-B6D9-EF29135F578E}.Release|Any CPU.Build.0 = Release|Any CPU
	EndGlobalSection
	GlobalSection(SolutionProperties) = preSolution
		HideSolutionNode = FALSE
	EndGlobalSection
EndGlobal
