<?xml version="1.0" encoding="UTF-8" standalone="yes" ?>
<CodeBlocks_project_file>
	<FileVersion major="1" minor="6" />
	<Project>
		<Option title="SASLSandbox" />
		<Option pch_mode="2" />
		<Option compiler="gcc" />
		<Build>
			<Target title="Debug">
				<Option output="bin\Debug\SASLSandbox" prefix_auto="1" extension_auto="1" />
				<Option object_output="obj\Debug\" />
				<Option type="1" />
				<Option compiler="gcc" />
				<Compiler>
					<Add option="-g" />
					<Add directory="E:\Programming\Library\tinyxml" />
					<Add directory="lex_standard_header" />
				</Compiler>
				<Linker>
					<Add library="E:\Programming\Library\tinyxml\x86\libtinyxml_mgw43-x86-d.a" />
					<Add library="E:\Programming\Library\boost_1_36_0\x86\lib\boost_filesystem-mgw43-mt-d-1_36.lib" />
					<Add library="E:\Programming\Library\boost_1_36_0\x86\lib\boost_system-mgw43-mt-d-1_36.lib" />
					<Add directory="E:\Programming\Library\tinyxml" />
				</Linker>
				<ExtraCommands>
					<Add before="update_gram.bat" />
				</ExtraCommands>
			</Target>
			<Target title="Release">
				<Option output="bin\Release\SASLSandbox" prefix_auto="1" extension_auto="1" />
				<Option object_output="obj\Release\" />
				<Option type="1" />
				<Option compiler="gcc" />
				<Compiler>
					<Add option="-O2" />
					<Add directory="G:\Programming\Library\boost_1_36_0" />
					<Add directory="G:\Programming\Library\tinyxml" />
				</Compiler>
				<Linker>
					<Add option="-s" />
					<Add library="G:\Programming\Library\tinyxml\tinyxml.a" />
				</Linker>
			</Target>
		</Build>
		<Compiler>
			<Add option="-Wall" />
			<Add option="-fexceptions" />
			<Add option="-DTIXML_USE_STL" />
			<Add directory="G:\Programming\Library\boost_1_36_0" />
			<Add directory="G:\Programming\Library\tinyxml" />
		</Compiler>
		<Linker>
			<Add directory="G:\Programming\Library\tinyxml" />
		</Linker>
		<Unit filename="AST_Decl.cpp" />
		<Unit filename="AST_Decl.h" />
		<Unit filename="AST_Expr.h" />
		<Unit filename="AST_Statement.h" />
		<Unit filename="AST_Type.cpp" />
		<Unit filename="AST_Type.h" />
		<Unit filename="AST_Type_Buildin.cpp" />
		<Unit filename="AST_Type_Struct.cpp" />
		<Unit filename="Context.cpp" />
		<Unit filename="Context.h" />
		<Unit filename="Dup.h" />
		<Unit filename="ErrorReporters.cpp" />
		<Unit filename="ErrorReporters.h" />
		<Unit filename="Keywords.h" />
		<Unit filename="Lex.h" />
		<Unit filename="Makefile.cpp" />
		<Unit filename="Makefile.h" />
		<Unit filename="PreBison.h" />
		<Unit filename="PreFlex.h" />
		<Unit filename="Project.cpp" />
		<Unit filename="Project.h" />
		<Unit filename="PtrList.cpp" />
		<Unit filename="PtrList.h" />
		<Unit filename="Semantic.h" />
		<Unit filename="Symbol.cpp" />
		<Unit filename="Symbol.h" />
		<Unit filename="TODO" />
		<Unit filename="Test.cpp" />
		<Unit filename="TypeCode.cpp" />
		<Unit filename="TypeCode.h" />
		<Unit filename="YYLexer.h" />
		<Unit filename="YYParser.cpp" />
		<Unit filename="YYParser.h" />
		<Unit filename="common.h" />
		<Unit filename="cstrext.h" />
		<Unit filename="gram.tab.c">
			<Option compilerVar="CPP" />
		</Unit>
		<Unit filename="gram.y" />
		<Unit filename="lex.l" />
		<Unit filename="lex.yy.cc" />
		<Unit filename="main.cpp" />
		<Extensions>
			<code_completion />
			<envvars />
			<debugger />
			<lib_finder disable_auto="1" />
			<AutoVersioning>
				<Scheme minor_max="10" build_max="0" rev_max="0" rev_rand_max="10" build_times_to_increment_minor="100" />
				<Settings autoincrement="1" date_declarations="1" do_auto_increment="0" ask_to_increment="0" language="C++" svn="0" svn_directory="" header_path="version.h" />
				<Changes_Log show_changes_editor="0" app_title="released version %M.%m.%b of %p" changeslog_path="ChangesLog.txt" />
			</AutoVersioning>
		</Extensions>
	</Project>
</CodeBlocks_project_file>
